
Microsoft Visual Studio Solution File, Format Version 12.00
# Visual Studio Version 17
VisualStudioVersion = 17.4.33213.308
MinimumVisualStudioVersion = 10.0.40219.1
Project("{9A19103F-16F7-4668-BE54-9A1E7A4F7556}") = "WEB_153501_Savonchik", "WEB_153501_Savonchik\WEB_153501_Savonchik.csproj", "{B3BAE162-744B-466B-95C5-3F0613D17684}"
EndProject
Project("{9A19103F-16F7-4668-BE54-9A1E7A4F7556}") = "WEB_153501_Savonchik.Domain", "WEB_153501_Savonchik.Domain\WEB_153501_Savonchik.Domain.csproj", "{17D33BBF-B48C-4FB9-AF23-8722D2641926}"
EndProject
Project("{9A19103F-16F7-4668-BE54-9A1E7A4F7556}") = "WEB_153501_Savonchik.API", "WEB_153501_Savonchik.API\WEB_153501_Savonchik.API.csproj", "{EA89E04E-8AAD-4841-81DF-1F066E3996A3}"
EndProject
Project("{9A19103F-16F7-4668-BE54-9A1E7A4F7556}") = "WEB_153501_Savonchik.IdentityServer", "WEB_153501_Savonchik.IdentityServer\WEB_153501_Savonchik.IdentityServer.csproj", "{00729D57-E0AC-4FE6-B53E-C88EAAD3B194}"
EndProject
Project("{9A19103F-16F7-4668-BE54-9A1E7A4F7556}") = "WEB_153501_Savonchik.Tests", "WEB_153501_Savonchik.Tests\WEB_153501_Savonchik.Tests.csproj", "{F03115FD-5450-4E63-B510-8662E2E64F02}"
EndProject
Project("{9A19103F-16F7-4668-BE54-9A1E7A4F7556}") = "WEB_153501_Savonchik.BlazorWasm", "WEB_153501_Savonchik.BlazorWasm\WEB_153501_Savonchik.BlazorWasm.csproj", "{66A698B6-4B89-48B1-83D5-8FFB94F31AB5}"
EndProject
Global
	GlobalSection(SolutionConfigurationPlatforms) = preSolution
		Debug|Any CPU = Debug|Any CPU
		Release|Any CPU = Release|Any CPU
	EndGlobalSection
	GlobalSection(ProjectConfigurationPlatforms) = postSolution
		{B3BAE162-744B-466B-95C5-3F0613D17684}.Debug|Any CPU.ActiveCfg = Debug|Any CPU
		{B3BAE162-744B-466B-95C5-3F0613D17684}.Debug|Any CPU.Build.0 = Debug|Any CPU
		{B3BAE162-744B-466B-95C5-3F0613D17684}.Release|Any CPU.ActiveCfg = Release|Any CPU
		{B3BAE162-744B-466B-95C5-3F0613D17684}.Release|Any CPU.Build.0 = Release|Any CPU
		{17D33BBF-B48C-4FB9-AF23-8722D2641926}.Debug|Any CPU.ActiveCfg = Debug|Any CPU
		{17D33BBF-B48C-4FB9-AF23-8722D2641926}.Debug|Any CPU.Build.0 = Debug|Any CPU
		{17D33BBF-B48C-4FB9-AF23-8722D2641926}.Release|Any CPU.ActiveCfg = Release|Any CPU
		{17D33BBF-B48C-4FB9-AF23-8722D2641926}.Release|Any CPU.Build.0 = Release|Any CPU
		{EA89E04E-8AAD-4841-81DF-1F066E3996A3}.Debug|Any CPU.ActiveCfg = Debug|Any CPU
		{EA89E04E-8AAD-4841-81DF-1F066E3996A3}.Debug|Any CPU.Build.0 = Debug|Any CPU
		{EA89E04E-8AAD-4841-81DF-1F066E3996A3}.Release|Any CPU.ActiveCfg = Release|Any CPU
		{EA89E04E-8AAD-4841-81DF-1F066E3996A3}.Release|Any CPU.Build.0 = Release|Any CPU
		{00729D57-E0AC-4FE6-B53E-C88EAAD3B194}.Debug|Any CPU.ActiveCfg = Debug|Any CPU
		{00729D57-E0AC-4FE6-B53E-C88EAAD3B194}.Debug|Any CPU.Build.0 = Debug|Any CPU
		{00729D57-E0AC-4FE6-B53E-C88EAAD3B194}.Release|Any CPU.ActiveCfg = Release|Any CPU
		{00729D57-E0AC-4FE6-B53E-C88EAAD3B194}.Release|Any CPU.Build.0 = Release|Any CPU
		{F03115FD-5450-4E63-B510-8662E2E64F02}.Debug|Any CPU.ActiveCfg = Debug|Any CPU
		{F03115FD-5450-4E63-B510-8662E2E64F02}.Debug|Any CPU.Build.0 = Debug|Any CPU
		{F03115FD-5450-4E63-B510-8662E2E64F02}.Release|Any CPU.ActiveCfg = Release|Any CPU
		{F03115FD-5450-4E63-B510-8662E2E64F02}.Release|Any CPU.Build.0 = Release|Any CPU
		{66A698B6-4B89-48B1-83D5-8FFB94F31AB5}.Debug|Any CPU.ActiveCfg = Debug|Any CPU
		{66A698B6-4B89-48B1-83D5-8FFB94F31AB5}.Debug|Any CPU.Build.0 = Debug|Any CPU
		{66A698B6-4B89-48B1-83D5-8FFB94F31AB5}.Release|Any CPU.ActiveCfg = Release|Any CPU
		{66A698B6-4B89-48B1-83D5-8FFB94F31AB5}.Release|Any CPU.Build.0 = Release|Any CPU
	EndGlobalSection
	GlobalSection(SolutionProperties) = preSolution
		HideSolutionNode = FALSE
	EndGlobalSection
	GlobalSection(ExtensibilityGlobals) = postSolution
		SolutionGuid = {421A8E21-EB2B-4D99-9278-B285C00A1BC0}
	EndGlobalSection
EndGlobal
