
Microsoft Visual Studio Solution File, Format Version 12.00
# Visual Studio Version 17
VisualStudioVersion = 17.0.32112.339
MinimumVisualStudioVersion = 10.0.40219.1
Project("{FAE04EC0-301F-11D3-BF4B-00C04F79EFBC}") = "Savocnhik_153505_Lab5", "Savocnhik_153505_Lab5.csproj", "{B52CFF33-98E6-4F68-98CB-AAB6FA5CD05A}"
EndProject
Project("{FAE04EC0-301F-11D3-BF4B-00C04F79EFBC}") = "Lab_5.Domain", "..\Lab_5.Domain\Lab_5.Domain.csproj", "{19FCA067-E62F-44C5-AAF1-B6CC5BC0575F}"
EndProject
Project("{FAE04EC0-301F-11D3-BF4B-00C04F79EFBC}") = "Serializer", "..\Serialyzer\Serializer.csproj", "{7C050DF0-A910-46E4-90B0-DD40AB160E07}"
EndProject
Global
	GlobalSection(SolutionConfigurationPlatforms) = preSolution
		Debug|Any CPU = Debug|Any CPU
		Release|Any CPU = Release|Any CPU
	EndGlobalSection
	GlobalSection(ProjectConfigurationPlatforms) = postSolution
		{B52CFF33-98E6-4F68-98CB-AAB6FA5CD05A}.Debug|Any CPU.ActiveCfg = Debug|Any CPU
		{B52CFF33-98E6-4F68-98CB-AAB6FA5CD05A}.Debug|Any CPU.Build.0 = Debug|Any CPU
		{B52CFF33-98E6-4F68-98CB-AAB6FA5CD05A}.Release|Any CPU.ActiveCfg = Release|Any CPU
		{B52CFF33-98E6-4F68-98CB-AAB6FA5CD05A}.Release|Any CPU.Build.0 = Release|Any CPU
		{19FCA067-E62F-44C5-AAF1-B6CC5BC0575F}.Debug|Any CPU.ActiveCfg = Debug|Any CPU
		{19FCA067-E62F-44C5-AAF1-B6CC5BC0575F}.Debug|Any CPU.Build.0 = Debug|Any CPU
		{19FCA067-E62F-44C5-AAF1-B6CC5BC0575F}.Release|Any CPU.ActiveCfg = Release|Any CPU
		{19FCA067-E62F-44C5-AAF1-B6CC5BC0575F}.Release|Any CPU.Build.0 = Release|Any CPU
		{7C050DF0-A910-46E4-90B0-DD40AB160E07}.Debug|Any CPU.ActiveCfg = Debug|Any CPU
		{7C050DF0-A910-46E4-90B0-DD40AB160E07}.Debug|Any CPU.Build.0 = Debug|Any CPU
		{7C050DF0-A910-46E4-90B0-DD40AB160E07}.Release|Any CPU.ActiveCfg = Release|Any CPU
		{7C050DF0-A910-46E4-90B0-DD40AB160E07}.Release|Any CPU.Build.0 = Release|Any CPU
	EndGlobalSection
	GlobalSection(SolutionProperties) = preSolution
		HideSolutionNode = FALSE
	EndGlobalSection
	GlobalSection(ExtensibilityGlobals) = postSolution
		SolutionGuid = {0D35C697-A490-4B66-81B2-889649CBE161}
	EndGlobalSection
EndGlobal
