
Microsoft Visual Studio Solution File, Format Version 12.00
# Visual Studio Version 17
VisualStudioVersion = 17.0.32112.339
MinimumVisualStudioVersion = 10.0.40219.1
Project("{888888A0-9F3D-457C-B088-3A5042F75D52}") = "Lab_2", "Lab_2.pyproj", "{8BD88406-DA62-4ECC-9902-32390F0E6847}"
EndProject
Global
	GlobalSection(SolutionConfigurationPlatforms) = preSolution
		Debug|Any CPU = Debug|Any CPU
		Release|Any CPU = Release|Any CPU
	EndGlobalSection
	GlobalSection(ProjectConfigurationPlatforms) = postSolution
		{8BD88406-DA62-4ECC-9902-32390F0E6847}.Debug|Any CPU.ActiveCfg = Debug|Any CPU
		{8BD88406-DA62-4ECC-9902-32390F0E6847}.Release|Any CPU.ActiveCfg = Release|Any CPU
	EndGlobalSection
	GlobalSection(SolutionProperties) = preSolution
		HideSolutionNode = FALSE
	EndGlobalSection
	GlobalSection(ExtensibilityGlobals) = postSolution
		SolutionGuid = {D2E4E8F3-FA3E-4B53-A65D-1A388E09134F}
	EndGlobalSection
EndGlobal
